// !$*UTF8*$!
{
	archiveVersion = 1;
	classes = {
	};
	objectVersion = 56;
	objects = {

/* Begin PBXBuildFile section */
		59B7DB632A49ADA300F29DF4 /* GuidebookApp.swift in Sources */ = {isa = PBXBuildFile; fileRef = 59B7DB622A49ADA300F29DF4 /* GuidebookApp.swift */; };
		59B7DB652A49ADA300F29DF4 /* CityView.swift in Sources */ = {isa = PBXBuildFile; fileRef = 59B7DB642A49ADA300F29DF4 /* CityView.swift */; };
		59B7DB672A49ADA400F29DF4 /* Assets.xcassets in Resources */ = {isa = PBXBuildFile; fileRef = 59B7DB662A49ADA400F29DF4 /* Assets.xcassets */; };
		59B7DB6A2A49ADA400F29DF4 /* Preview Assets.xcassets in Resources */ = {isa = PBXBuildFile; fileRef = 59B7DB692A49ADA400F29DF4 /* Preview Assets.xcassets */; };
		59B7DB712A49ADF200F29DF4 /* AttractionView.swift in Sources */ = {isa = PBXBuildFile; fileRef = 59B7DB702A49ADF200F29DF4 /* AttractionView.swift */; };
		59B7DB732A49AE0D00F29DF4 /* DetailView.swift in Sources */ = {isa = PBXBuildFile; fileRef = 59B7DB722A49AE0D00F29DF4 /* DetailView.swift */; };
		59B7DB752A49AE2700F29DF4 /* DataService.swift in Sources */ = {isa = PBXBuildFile; fileRef = 59B7DB742A49AE2700F29DF4 /* DataService.swift */; };
		59B7DB772A49AE7900F29DF4 /* City.swift in Sources */ = {isa = PBXBuildFile; fileRef = 59B7DB762A49AE7900F29DF4 /* City.swift */; };
		59B7DB792A49AEEA00F29DF4 /* Attraction.swift in Sources */ = {isa = PBXBuildFile; fileRef = 59B7DB782A49AEEA00F29DF4 /* Attraction.swift */; };
/* End PBXBuildFile section */

/* Begin PBXFileReference section */
		59B7DB5F2A49ADA300F29DF4 /* Guidebook.app */ = {isa = PBXFileReference; explicitFileType = wrapper.application; includeInIndex = 0; path = Guidebook.app; sourceTree = BUILT_PRODUCTS_DIR; };
		59B7DB622A49ADA300F29DF4 /* GuidebookApp.swift */ = {isa = PBXFileReference; lastKnownFileType = sourcecode.swift; path = GuidebookApp.swift; sourceTree = "<group>"; };
		59B7DB642A49ADA300F29DF4 /* CityView.swift */ = {isa = PBXFileReference; lastKnownFileType = sourcecode.swift; path = CityView.swift; sourceTree = "<group>"; };
		59B7DB662A49ADA400F29DF4 /* Assets.xcassets */ = {isa = PBXFileReference; lastKnownFileType = folder.assetcatalog; path = Assets.xcassets; sourceTree = "<group>"; };
		59B7DB692A49ADA400F29DF4 /* Preview Assets.xcassets */ = {isa = PBXFileReference; lastKnownFileType = folder.assetcatalog; path = "Preview Assets.xcassets"; sourceTree = "<group>"; };
		59B7DB702A49ADF200F29DF4 /* AttractionView.swift */ = {isa = PBXFileReference; lastKnownFileType = sourcecode.swift; path = AttractionView.swift; sourceTree = "<group>"; };
		59B7DB722A49AE0D00F29DF4 /* DetailView.swift */ = {isa = PBXFileReference; lastKnownFileType = sourcecode.swift; path = DetailView.swift; sourceTree = "<group>"; };
		59B7DB742A49AE2700F29DF4 /* DataService.swift */ = {isa = PBXFileReference; lastKnownFileType = sourcecode.swift; path = DataService.swift; sourceTree = "<group>"; };
		59B7DB762A49AE7900F29DF4 /* City.swift */ = {isa = PBXFileReference; lastKnownFileType = sourcecode.swift; path = City.swift; sourceTree = "<group>"; };
		59B7DB782A49AEEA00F29DF4 /* Attraction.swift */ = {isa = PBXFileReference; lastKnownFileType = sourcecode.swift; path = Attraction.swift; sourceTree = "<group>"; };
/* End PBXFileReference section */

/* Begin PBXFrameworksBuildPhase section */
		59B7DB5C2A49ADA300F29DF4 /* Frameworks */ = {
			isa = PBXFrameworksBuildPhase;
			buildActionMask = 2147483647;
			files = (
			);
			runOnlyForDeploymentPostprocessing = 0;
		};
/* End PBXFrameworksBuildPhase section */

/* Begin PBXGroup section */
		59B7DB562A49ADA300F29DF4 = {
			isa = PBXGroup;
			children = (
				59B7DB612A49ADA300F29DF4 /* Guidebook */,
				59B7DB602A49ADA300F29DF4 /* Products */,
			);
			sourceTree = "<group>";
		};
		59B7DB602A49ADA300F29DF4 /* Products */ = {
			isa = PBXGroup;
			children = (
				59B7DB5F2A49ADA300F29DF4 /* Guidebook.app */,
			);
			name = Products;
			sourceTree = "<group>";
		};
		59B7DB612A49ADA300F29DF4 /* Guidebook */ = {
			isa = PBXGroup;
			children = (
				59B7DB622A49ADA300F29DF4 /* GuidebookApp.swift */,
				59B7DB642A49ADA300F29DF4 /* CityView.swift */,
				59B7DB702A49ADF200F29DF4 /* AttractionView.swift */,
				59B7DB722A49AE0D00F29DF4 /* DetailView.swift */,
				59B7DB742A49AE2700F29DF4 /* DataService.swift */,
				59B7DB762A49AE7900F29DF4 /* City.swift */,
				59B7DB782A49AEEA00F29DF4 /* Attraction.swift */,
				59B7DB662A49ADA400F29DF4 /* Assets.xcassets */,
				59B7DB682A49ADA400F29DF4 /* Preview Content */,
			);
			path = Guidebook;
			sourceTree = "<group>";
		};
		59B7DB682A49ADA400F29DF4 /* Preview Content */ = {
			isa = PBXGroup;
			children = (
				59B7DB692A49ADA400F29DF4 /* Preview Assets.xcassets */,
			);
			path = "Preview Content";
			sourceTree = "<group>";
		};
/* End PBXGroup section */

/* Begin PBXNativeTarget section */
		59B7DB5E2A49ADA300F29DF4 /* Guidebook */ = {
			isa = PBXNativeTarget;
			buildConfigurationList = 59B7DB6D2A49ADA400F29DF4 /* Build configuration list for PBXNativeTarget "Guidebook" */;
			buildPhases = (
				59B7DB5B2A49ADA300F29DF4 /* Sources */,
				59B7DB5C2A49ADA300F29DF4 /* Frameworks */,
				59B7DB5D2A49ADA300F29DF4 /* Resources */,
			);
			buildRules = (
			);
			dependencies = (
			);
			name = Guidebook;
			productName = Guidebook;
			productReference = 59B7DB5F2A49ADA300F29DF4 /* Guidebook.app */;
			productType = "com.apple.product-type.application";
		};
/* End PBXNativeTarget section */

/* Begin PBXProject section */
		59B7DB572A49ADA300F29DF4 /* Project object */ = {
			isa = PBXProject;
			attributes = {
				BuildIndependentTargetsInParallel = 1;
				LastSwiftUpdateCheck = 1430;
				LastUpgradeCheck = 1430;
				TargetAttributes = {
					59B7DB5E2A49ADA300F29DF4 = {
						CreatedOnToolsVersion = 14.3.1;
					};
				};
			};
			buildConfigurationList = 59B7DB5A2A49ADA300F29DF4 /* Build configuration list for PBXProject "Guidebook" */;
			compatibilityVersion = "Xcode 14.0";
			developmentRegion = en;
			hasScannedForEncodings = 0;
			knownRegions = (
				en,
				Base,
			);
			mainGroup = 59B7DB562A49ADA300F29DF4;
			productRefGroup = 59B7DB602A49ADA300F29DF4 /* Products */;
			projectDirPath = "";
			projectRoot = "";
			targets = (
				59B7DB5E2A49ADA300F29DF4 /* Guidebook */,
			);
		};
/* End PBXProject section */

/* Begin PBXResourcesBuildPhase section */
		59B7DB5D2A49ADA300F29DF4 /* Resources */ = {
			isa = PBXResourcesBuildPhase;
			buildActionMask = 2147483647;
			files = (
				59B7DB6A2A49ADA400F29DF4 /* Preview Assets.xcassets in Resources */,
				59B7DB672A49ADA400F29DF4 /* Assets.xcassets in Resources */,
			);
			runOnlyForDeploymentPostprocessing = 0;
		};
/* End PBXResourcesBuildPhase section */

/* Begin PBXSourcesBuildPhase section */
		59B7DB5B2A49ADA300F29DF4 /* Sources */ = {
			isa = PBXSourcesBuildPhase;
			buildActionMask = 2147483647;
			files = (
				59B7DB652A49ADA300F29DF4 /* CityView.swift in Sources */,
				59B7DB732A49AE0D00F29DF4 /* DetailView.swift in Sources */,
				59B7DB772A49AE7900F29DF4 /* City.swift in Sources */,
				59B7DB792A49AEEA00F29DF4 /* Attraction.swift in Sources */,
				59B7DB632A49ADA300F29DF4 /* GuidebookApp.swift in Sources */,
				59B7DB712A49ADF200F29DF4 /* AttractionView.swift in Sources */,
				59B7DB752A49AE2700F29DF4 /* DataService.swift in Sources */,
			);
			runOnlyForDeploymentPostprocessing = 0;
		};
/* End PBXSourcesBuildPhase section */

/* Begin XCBuildConfiguration section */
		59B7DB6B2A49ADA400F29DF4 /* Debug */ = {
			isa = XCBuildConfiguration;
			buildSettings = {
				ALWAYS_SEARCH_USER_PATHS = NO;
				CLANG_ANALYZER_NONNULL = YES;
				CLANG_ANALYZER_NUMBER_OBJECT_CONVERSION = YES_AGGRESSIVE;
				CLANG_CXX_LANGUAGE_STANDARD = "gnu++20";
				CLANG_ENABLE_MODULES = YES;
				CLANG_ENABLE_OBJC_ARC = YES;
				CLANG_ENABLE_OBJC_WEAK = YES;
				CLANG_WARN_BLOCK_CAPTURE_AUTORELEASING = YES;
				CLANG_WARN_BOOL_CONVERSION = YES;
				CLANG_WARN_COMMA = YES;
				CLANG_WARN_CONSTANT_CONVERSION = YES;
				CLANG_WARN_DEPRECATED_OBJC_IMPLEMENTATIONS = YES;
				CLANG_WARN_DIRECT_OBJC_ISA_USAGE = YES_ERROR;
				CLANG_WARN_DOCUMENTATION_COMMENTS = YES;
				CLANG_WARN_EMPTY_BODY = YES;
				CLANG_WARN_ENUM_CONVERSION = YES;
				CLANG_WARN_INFINITE_RECURSION = YES;
				CLANG_WARN_INT_CONVERSION = YES;
				CLANG_WARN_NON_LITERAL_NULL_CONVERSION = YES;
				CLANG_WARN_OBJC_IMPLICIT_RETAIN_SELF = YES;
				CLANG_WARN_OBJC_LITERAL_CONVERSION = YES;
				CLANG_WARN_OBJC_ROOT_CLASS = YES_ERROR;
				CLANG_WARN_QUOTED_INCLUDE_IN_FRAMEWORK_HEADER = YES;
				CLANG_WARN_RANGE_LOOP_ANALYSIS = YES;
				CLANG_WARN_STRICT_PROTOTYPES = YES;
				CLANG_WARN_SUSPICIOUS_MOVE = YES;
				CLANG_WARN_UNGUARDED_AVAILABILITY = YES_AGGRESSIVE;
				CLANG_WARN_UNREACHABLE_CODE = YES;
				CLANG_WARN__DUPLICATE_METHOD_MATCH = YES;
				COPY_PHASE_STRIP = NO;
				DEBUG_INFORMATION_FORMAT = dwarf;
				ENABLE_STRICT_OBJC_MSGSEND = YES;
				ENABLE_TESTABILITY = YES;
				GCC_C_LANGUAGE_STANDARD = gnu11;
				GCC_DYNAMIC_NO_PIC = NO;
				GCC_NO_COMMON_BLOCKS = YES;
				GCC_OPTIMIZATION_LEVEL = 0;
				GCC_PREPROCESSOR_DEFINITIONS = (
					"DEBUG=1",
					"$(inherited)",
				);
				GCC_WARN_64_TO_32_BIT_CONVERSION = YES;
				GCC_WARN_ABOUT_RETURN_TYPE = YES_ERROR;
				GCC_WARN_UNDECLARED_SELECTOR = YES;
				GCC_WARN_UNINITIALIZED_AUTOS = YES_AGGRESSIVE;
				GCC_WARN_UNUSED_FUNCTION = YES;
				GCC_WARN_UNUSED_VARIABLE = YES;
				IPHONEOS_DEPLOYMENT_TARGET = 16.4;
				MTL_ENABLE_DEBUG_INFO = INCLUDE_SOURCE;
				MTL_FAST_MATH = YES;
				ONLY_ACTIVE_ARCH = YES;
				SDKROOT = iphoneos;
				SWIFT_ACTIVE_COMPILATION_CONDITIONS = DEBUG;
				SWIFT_OPTIMIZATION_LEVEL = "-Onone";
			};
			name = Debug;
		};
		59B7DB6C2A49ADA400F29DF4 /* Release */ = {
			isa = XCBuildConfiguration;
			buildSettings = {
				ALWAYS_SEARCH_USER_PATHS = NO;
				CLANG_ANALYZER_NONNULL = YES;
				CLANG_ANALYZER_NUMBER_OBJECT_CONVERSION = YES_AGGRESSIVE;
				CLANG_CXX_LANGUAGE_STANDARD = "gnu++20";
				CLANG_ENABLE_MODULES = YES;
				CLANG_ENABLE_OBJC_ARC = YES;
				CLANG_ENABLE_OBJC_WEAK = YES;
				CLANG_WARN_BLOCK_CAPTURE_AUTORELEASING = YES;
				CLANG_WARN_BOOL_CONVERSION = YES;
				CLANG_WARN_COMMA = YES;
				CLANG_WARN_CONSTANT_CONVERSION = YES;
				CLANG_WARN_DEPRECATED_OBJC_IMPLEMENTATIONS = YES;
				CLANG_WARN_DIRECT_OBJC_ISA_USAGE = YES_ERROR;
				CLANG_WARN_DOCUMENTATION_COMMENTS = YES;
				CLANG_WARN_EMPTY_BODY = YES;
				CLANG_WARN_ENUM_CONVERSION = YES;
				CLANG_WARN_INFINITE_RECURSION = YES;
				CLANG_WARN_INT_CONVERSION = YES;
				CLANG_WARN_NON_LITERAL_NULL_CONVERSION = YES;
				CLANG_WARN_OBJC_IMPLICIT_RETAIN_SELF = YES;
				CLANG_WARN_OBJC_LITERAL_CONVERSION = YES;
				CLANG_WARN_OBJC_ROOT_CLASS = YES_ERROR;
				CLANG_WARN_QUOTED_INCLUDE_IN_FRAMEWORK_HEADER = YES;
				CLANG_WARN_RANGE_LOOP_ANALYSIS = YES;
				CLANG_WARN_STRICT_PROTOTYPES = YES;
				CLANG_WARN_SUSPICIOUS_MOVE = YES;
				CLANG_WARN_UNGUARDED_AVAILABILITY = YES_AGGRESSIVE;
				CLANG_WARN_UNREACHABLE_CODE = YES;
				CLANG_WARN__DUPLICATE_METHOD_MATCH = YES;
				COPY_PHASE_STRIP = NO;
				DEBUG_INFORMATION_FORMAT = "dwarf-with-dsym";
				ENABLE_NS_ASSERTIONS = NO;
				ENABLE_STRICT_OBJC_MSGSEND = YES;
				GCC_C_LANGUAGE_STANDARD = gnu11;
				GCC_NO_COMMON_BLOCKS = YES;
				GCC_WARN_64_TO_32_BIT_CONVERSION = YES;
				GCC_WARN_ABOUT_RETURN_TYPE = YES_ERROR;
				GCC_WARN_UNDECLARED_SELECTOR = YES;
				GCC_WARN_UNINITIALIZED_AUTOS = YES_AGGRESSIVE;
				GCC_WARN_UNUSED_FUNCTION = YES;
				GCC_WARN_UNUSED_VARIABLE = YES;
				IPHONEOS_DEPLOYMENT_TARGET = 16.4;
				MTL_ENABLE_DEBUG_INFO = NO;
				MTL_FAST_MATH = YES;
				SDKROOT = iphoneos;
				SWIFT_COMPILATION_MODE = wholemodule;
				SWIFT_OPTIMIZATION_LEVEL = "-O";
				VALIDATE_PRODUCT = YES;
			};
			name = Release;
		};
		59B7DB6E2A49ADA400F29DF4 /* Debug */ = {
			isa = XCBuildConfiguration;
			buildSettings = {
				ASSETCATALOG_COMPILER_APPICON_NAME = AppIcon;
				ASSETCATALOG_COMPILER_GLOBAL_ACCENT_COLOR_NAME = AccentColor;
				CODE_SIGN_STYLE = Automatic;
				CURRENT_PROJECT_VERSION = 1;
				DEVELOPMENT_ASSET_PATHS = "\"Guidebook/Preview Content\"";
				DEVELOPMENT_TEAM = DY25DQJBPP;
				ENABLE_PREVIEWS = YES;
				GENERATE_INFOPLIST_FILE = YES;
				INFOPLIST_KEY_UIApplicationSceneManifest_Generation = YES;
				INFOPLIST_KEY_UIApplicationSupportsIndirectInputEvents = YES;
				INFOPLIST_KEY_UILaunchScreen_Generation = YES;
				INFOPLIST_KEY_UISupportedInterfaceOrientations_iPad = "UIInterfaceOrientationPortrait UIInterfaceOrientationPortraitUpsideDown UIInterfaceOrientationLandscapeLeft UIInterfaceOrientationLandscapeRight";
				INFOPLIST_KEY_UISupportedInterfaceOrientations_iPhone = "UIInterfaceOrientationPortrait UIInterfaceOrientationLandscapeLeft UIInterfaceOrientationLandscapeRight";
				LD_RUNPATH_SEARCH_PATHS = (
					"$(inherited)",
					"@executable_path/Frameworks",
				);
				MARKETING_VERSION = 1.0;
				PRODUCT_BUNDLE_IDENTIFIER = com.javieralaves.Guidebook;
				PRODUCT_NAME = "$(TARGET_NAME)";
				SWIFT_EMIT_LOC_STRINGS = YES;
				SWIFT_VERSION = 5.0;
				TARGETED_DEVICE_FAMILY = "1,2";
			};
			name = Debug;
		};
		59B7DB6F2A49ADA400F29DF4 /* Release */ = {
			isa = XCBuildConfiguration;
			buildSettings = {
				ASSETCATALOG_COMPILER_APPICON_NAME = AppIcon;
				ASSETCATALOG_COMPILER_GLOBAL_ACCENT_COLOR_NAME = AccentColor;
				CODE_SIGN_STYLE = Automatic;
				CURRENT_PROJECT_VERSION = 1;
				DEVELOPMENT_ASSET_PATHS = "\"Guidebook/Preview Content\"";
				DEVELOPMENT_TEAM = DY25DQJBPP;
				ENABLE_PREVIEWS = YES;
				GENERATE_INFOPLIST_FILE = YES;
				INFOPLIST_KEY_UIApplicationSceneManifest_Generation = YES;
				INFOPLIST_KEY_UIApplicationSupportsIndirectInputEvents = YES;
				INFOPLIST_KEY_UILaunchScreen_Generation = YES;
				INFOPLIST_KEY_UISupportedInterfaceOrientations_iPad = "UIInterfaceOrientationPortrait UIInterfaceOrientationPortraitUpsideDown UIInterfaceOrientationLandscapeLeft UIInterfaceOrientationLandscapeRight";
				INFOPLIST_KEY_UISupportedInterfaceOrientations_iPhone = "UIInterfaceOrientationPortrait UIInterfaceOrientationLandscapeLeft UIInterfaceOrientationLandscapeRight";
				LD_RUNPATH_SEARCH_PATHS = (
					"$(inherited)",
					"@executable_path/Frameworks",
				);
				MARKETING_VERSION = 1.0;
				PRODUCT_BUNDLE_IDENTIFIER = com.javieralaves.Guidebook;
				PRODUCT_NAME = "$(TARGET_NAME)";
				SWIFT_EMIT_LOC_STRINGS = YES;
				SWIFT_VERSION = 5.0;
				TARGETED_DEVICE_FAMILY = "1,2";
			};
			name = Release;
		};
/* End XCBuildConfiguration section */

/* Begin XCConfigurationList section */
		59B7DB5A2A49ADA300F29DF4 /* Build configuration list for PBXProject "Guidebook" */ = {
			isa = XCConfigurationList;
			buildConfigurations = (
				59B7DB6B2A49ADA400F29DF4 /* Debug */,
				59B7DB6C2A49ADA400F29DF4 /* Release */,
			);
			defaultConfigurationIsVisible = 0;
			defaultConfigurationName = Release;
		};
		59B7DB6D2A49ADA400F29DF4 /* Build configuration list for PBXNativeTarget "Guidebook" */ = {
			isa = XCConfigurationList;
			buildConfigurations = (
				59B7DB6E2A49ADA400F29DF4 /* Debug */,
				59B7DB6F2A49ADA400F29DF4 /* Release */,
			);
			defaultConfigurationIsVisible = 0;
			defaultConfigurationName = Release;
		};
/* End XCConfigurationList section */
	};
	rootObject = 59B7DB572A49ADA300F29DF4 /* Project object */;
}
